
Microsoft Visual Studio Solution File, Format Version 12.00
# Visual Studio Version 17
VisualStudioVersion = 17.5.33516.290
MinimumVisualStudioVersion = 10.0.40219.1
Project("{8BC9CEB8-8B4A-11D0-8D11-00A0C91BC942}") = "433-1", "433-1.vcxproj", "{8967DAE8-DEB4-412C-9DB5-8DC82040EA8F}"
EndProject
Global
	GlobalSection(SolutionConfigurationPlatforms) = preSolution
		Debug|x64 = Debug|x64
		Debug|x86 = Debug|x86
		Release|x64 = Release|x64
		Release|x86 = Release|x86
	EndGlobalSection
	GlobalSection(ProjectConfigurationPlatforms) = postSolution
		{8967DAE8-DEB4-412C-9DB5-8DC82040EA8F}.Debug|x64.ActiveCfg = Debug|x64
		{8967DAE8-DEB4-412C-9DB5-8DC82040EA8F}.Debug|x64.Build.0 = Debug|x64
		{8967DAE8-DEB4-412C-9DB5-8DC82040EA8F}.Debug|x86.ActiveCfg = Debug|Win32
		{8967DAE8-DEB4-412C-9DB5-8DC82040EA8F}.Debug|x86.Build.0 = Debug|Win32
		{8967DAE8-DEB4-412C-9DB5-8DC82040EA8F}.Release|x64.ActiveCfg = Release|x64
		{8967DAE8-DEB4-412C-9DB5-8DC82040EA8F}.Release|x64.Build.0 = Release|x64
		{8967DAE8-DEB4-412C-9DB5-8DC82040EA8F}.Release|x86.ActiveCfg = Release|Win32
		{8967DAE8-DEB4-412C-9DB5-8DC82040EA8F}.Release|x86.Build.0 = Release|Win32
	EndGlobalSection
	GlobalSection(SolutionProperties) = preSolution
		HideSolutionNode = FALSE
	EndGlobalSection
	GlobalSection(ExtensibilityGlobals) = postSolution
		SolutionGuid = {54E76A91-C0E0-45D3-8115-AEB22FA9885F}
	EndGlobalSection
EndGlobal
